
Microsoft Visual Studio Solution File, Format Version 12.00
# Visual Studio Version 17
VisualStudioVersion = 17.0.31903.59
MinimumVisualStudioVersion = 10.0.40219.1
Project("{FAE04EC0-301F-11D3-BF4B-00C04F79EFBC}") = "JobManagementSystem.Tests", "JobManagementSystem.Tests\JobManagementSystem.Tests.csproj", "{48844108-4A3B-4F4B-89BD-F362F30DE93D}"
EndProject
Global
	GlobalSection(SolutionConfigurationPlatforms) = preSolution
		Debug|Any CPU = Debug|Any CPU
		Release|Any CPU = Release|Any CPU
	EndGlobalSection
	GlobalSection(SolutionProperties) = preSolution
		HideSolutionNode = FALSE
	EndGlobalSection
	GlobalSection(ProjectConfigurationPlatforms) = postSolution
		{48844108-4A3B-4F4B-89BD-F362F30DE93D}.Debug|Any CPU.ActiveCfg = Debug|Any CPU
		{48844108-4A3B-4F4B-89BD-F362F30DE93D}.Debug|Any CPU.Build.0 = Debug|Any CPU
		{48844108-4A3B-4F4B-89BD-F362F30DE93D}.Release|Any CPU.ActiveCfg = Release|Any CPU
		{48844108-4A3B-4F4B-89BD-F362F30DE93D}.Release|Any CPU.Build.0 = Release|Any CPU
	EndGlobalSection
EndGlobal
